PODS:
  - Alamofire (5.4.3)
  - Charts (3.6.0):
    - Charts/Core (= 3.6.0)
  - Charts/Core (3.6.0)
  - GoogleMaps (5.0.0):
    - GoogleMaps/Maps (= 5.0.0)
  - GoogleMaps/Base (5.0.0)
  - GoogleMaps/Maps (5.0.0):
    - GoogleMaps/Base
  - GooglePlaces (5.0.0)
  - HMSegmentedControl (1.5.6)
  - InputBarAccessoryView (5.3.1):
    - InputBarAccessoryView/Core (= 5.3.1)
  - InputBarAccessoryView/Core (5.3.1)
  - MaterialComponents/Availability (124.2.0)
  - MaterialComponents/BottomSheet (124.2.0):
    - MaterialComponents/Elevation
    - MaterialComponents/private/KeyboardWatcher
    - MaterialComponents/private/Math
    - MaterialComponents/ShadowElevations
    - MaterialComponents/ShadowLayer
    - MaterialComponents/ShapeLibrary
    - MaterialComponents/Shapes
  - MaterialComponents/Elevation (124.2.0):
    - MaterialComponents/Availability
    - MaterialComponents/private/Color
    - MaterialComponents/private/Math
  - MaterialComponents/private/Application (124.2.0)
  - MaterialComponents/private/Color (124.2.0):
    - MaterialComponents/Availability
  - MaterialComponents/private/KeyboardWatcher (124.2.0):
    - MaterialComponents/private/Application
  - MaterialComponents/private/Math (124.2.0)
  - MaterialComponents/ShadowElevations (124.2.0)
  - MaterialComponents/ShadowLayer (124.2.0):
    - MaterialComponents/ShadowElevations
  - MaterialComponents/ShapeLibrary (124.2.0):
    - MaterialComponents/private/Math
    - MaterialComponents/Shapes
  - MaterialComponents/Shapes (124.2.0):
    - MaterialComponents/private/Color
    - MaterialComponents/private/Math
    - MaterialComponents/ShadowLayer
  - MessageKit (3.6.1):
    - InputBarAccessoryView (~> 5.3.1)
  - Moya (14.0.0):
    - Moya/Core (= 14.0.0)
  - Moya/Core (14.0.0):
    - Alamofire (~> 5.0)
  - Realm (10.12.0):
    - Realm/Headers (= 10.12.0)
  - Realm/Headers (10.12.0)
  - RealmSwift (10.12.0):
    - Realm (= 10.12.0)
  - Socket.IO-Client-Swift (15.2.0):
    - Starscream (~> 3.1)
  - Starscream (3.1.1)
  - Toast-Swift (5.0.1)

DEPENDENCIES:
  - Charts
  - GoogleMaps
  - GooglePlaces
  - HMSegmentedControl
  - MaterialComponents/BottomSheet
  - MessageKit
  - Moya
  - RealmSwift
  - Socket.IO-Client-Swift (~> 15.2.0)
  - Toast-Swift

SPEC REPOS:
  trunk:
    - Alamofire
    - Charts
    - GoogleMaps
    - GooglePlaces
    - HMSegmentedControl
    - InputBarAccessoryView
    - MaterialComponents
    - MessageKit
    - Moya
    - Realm
    - RealmSwift
    - Socket.IO-Client-Swift
    - Starscream
    - Toast-Swift

SPEC CHECKSUMS:
  Alamofire: e447a2774a40c996748296fa2c55112fdbbc42f9
  Charts: b1e3a1f5a1c9ba5394438ca3b91bd8c9076310af
  GoogleMaps: 600e5e69bdf7f4ed7cac4d6aa96c7ec08a5aa254
  GooglePlaces: 5d87ca13ed98b7a937e0d8bc7026f718c7263271
  HMSegmentedControl: 34c1f54d822d8308e7b24f5d901ec674dfa31352
  InputBarAccessoryView: 1f75d8c9f75e5e57f3ffac36ed58635a8005e0bc
  MaterialComponents: 1a9b2d9d45b1601ae544de85089adc4c464306d4
  MessageKit: d153fbbbcb12f3f4045a1ba8874298924dacfb62
  Moya: 5b45dacb75adb009f97fde91c204c1e565d31916
  Realm: 32488213acb44660539c619d620cec1bac046166
  RealmSwift: 0abdca6231d5ff8a4f84cef9c1121ef95a483faf
  Socket.IO-Client-Swift: 1e3e3a1f09f3312a167f0d781eb2f383d477357c
  Starscream: 4bb2f9942274833f7b4d296a55504dcfc7edb7b0
  Toast-Swift: 9b6a70f28b3bf0b96c40d46c0c4b9d6639846711

PODFILE CHECKSUM: d66c446a265988547239e7a76dce75a39dc74924

COCOAPODS: 1.10.1
