PODS:
  - Alamofire (5.5.0)
  - GoogleMaps (6.1.0):
    - GoogleMaps/Maps (= 6.1.0)
  - GoogleMaps/Base (6.1.0)
  - GoogleMaps/Maps (6.1.0):
    - GoogleMaps/Base
  - GooglePlaces (6.1.0)
  - HMSegmentedControl (1.5.6)
  - InputBarAccessoryView (5.4.0):
    - InputBarAccessoryView/Core (= 5.4.0)
  - InputBarAccessoryView/Core (5.4.0)
  - MaterialComponents/Availability (124.2.0)
  - MaterialComponents/BottomSheet (124.2.0):
    - MaterialComponents/Elevation
    - MaterialComponents/private/KeyboardWatcher
    - MaterialComponents/private/Math
    - MaterialComponents/ShadowElevations
    - MaterialComponents/ShadowLayer
    - MaterialComponents/ShapeLibrary
    - MaterialComponents/Shapes
  - MaterialComponents/Elevation (124.2.0):
    - MaterialComponents/Availability
    - MaterialComponents/private/Color
    - MaterialComponents/private/Math
  - MaterialComponents/private/Application (124.2.0)
  - MaterialComponents/private/Color (124.2.0):
    - MaterialComponents/Availability
  - MaterialComponents/private/KeyboardWatcher (124.2.0):
    - MaterialComponents/private/Application
  - MaterialComponents/private/Math (124.2.0)
  - MaterialComponents/ShadowElevations (124.2.0)
  - MaterialComponents/ShadowLayer (124.2.0):
    - MaterialComponents/ShadowElevations
  - MaterialComponents/ShapeLibrary (124.2.0):
    - MaterialComponents/private/Math
    - MaterialComponents/Shapes
  - MaterialComponents/Shapes (124.2.0):
    - MaterialComponents/private/Color
    - MaterialComponents/private/Math
    - MaterialComponents/ShadowLayer
  - MessageKit (3.7.0):
    - InputBarAccessoryView (~> 5.4.0)
  - Moya (15.0.0):
    - Moya/Core (= 15.0.0)
  - Moya/Core (15.0.0):
    - Alamofire (~> 5.0)
  - Realm (10.24.1):
    - Realm/Headers (= 10.24.1)
  - Realm/Headers (10.24.1)
  - RealmSwift (10.24.1):
    - Realm (= 10.24.1)
  - Socket.IO-Client-Swift (15.2.0):
    - Starscream (~> 3.1)
  - Starscream (3.1.1)
  - Toast-Swift (5.0.1)

DEPENDENCIES:
  - GoogleMaps
  - GooglePlaces
  - HMSegmentedControl
  - MaterialComponents/BottomSheet
  - MessageKit
  - Moya
  - RealmSwift
  - Socket.IO-Client-Swift (~> 15.2.0)
  - Toast-Swift

SPEC REPOS:
  trunk:
    - Alamofire
    - GoogleMaps
    - GooglePlaces
    - HMSegmentedControl
    - InputBarAccessoryView
    - MaterialComponents
    - MessageKit
    - Moya
    - Realm
    - RealmSwift
    - Socket.IO-Client-Swift
    - Starscream
    - Toast-Swift

SPEC CHECKSUMS:
  Alamofire: 1c4fb5369c3fe93d2857c780d8bbe09f06f97e7c
  GoogleMaps: cffc5d24ce920063aaeebe6ac4dbaaca1dd7f377
  GooglePlaces: 66f0796e44d3bd83d82b1f19d8fe3cd7062fe930
  HMSegmentedControl: 34c1f54d822d8308e7b24f5d901ec674dfa31352
  InputBarAccessoryView: 74d471ab1fa1736806be50328df79257e52865a9
  MaterialComponents: 1a9b2d9d45b1601ae544de85089adc4c464306d4
  MessageKit: 8e76dd8d65ad44b49e1651c673497146416461e9
  Moya: 138f0573e53411fb3dc17016add0b748dfbd78ee
  Realm: f9bc5a212a9ab084b4ed90cda1c28d835a38a06b
  RealmSwift: 0b03bb38001bee4280dcc27709e6b33f438cfad1
  Socket.IO-Client-Swift: 1e3e3a1f09f3312a167f0d781eb2f383d477357c
  Starscream: 4bb2f9942274833f7b4d296a55504dcfc7edb7b0
  Toast-Swift: 9b6a70f28b3bf0b96c40d46c0c4b9d6639846711

PODFILE CHECKSUM: 5036910d9820be313ba2bba80d1662d72f7a6028

COCOAPODS: 1.11.2
